
Microsoft Visual Studio Solution File, Format Version 12.00
# Visual Studio 14
VisualStudioVersion = 14.0.25420.1
MinimumVisualStudioVersion = 10.0.40219.1
Project("{FAE04EC0-301F-11D3-BF4B-00C04F79EFBC}") = "HandlingExceptions", "SoftwareDevelopmentFundamentals\HandlingExceptions.csproj", "{42F26C20-95AD-4239-8520-F23DBFCB9B34}"
EndProject
Project("{2150E333-8FDC-42A3-9474-1A3956D46DE8}") = "Lesson01", "Lesson01", "{ED15CF3F-9FEE-4583-847C-BB6C4A6E5BCC}"
EndProject
Project("{FAE04EC0-301F-11D3-BF4B-00C04F79EFBC}") = "TryCatchFinally", "TryCatchFinally\TryCatchFinally.csproj", "{29590702-2300-491E-8247-D4389113DB38}"
EndProject
Project("{2150E333-8FDC-42A3-9474-1A3956D46DE8}") = "CompetencyAssesment", "CompetencyAssesment", "{047136CE-1E34-462B-8745-085B919DD0A3}"
EndProject
Project("{FAE04EC0-301F-11D3-BF4B-00C04F79EFBC}") = "DecisionTable_1_1", "1_1_DecisionTable\DecisionTable_1_1.csproj", "{7420FFD0-4C2B-4668-98C8-AD5BACFF9FF0}"
EndProject
Project("{FAE04EC0-301F-11D3-BF4B-00C04F79EFBC}") = "Flowchart_1_2", "Flowchart_1_2\Flowchart_1_2.csproj", "{2FDE2296-E7DD-4181-B542-276F0D624FF0}"
EndProject
Project("{2150E333-8FDC-42A3-9474-1A3956D46DE8}") = "ProficiencyAssesment", "ProficiencyAssesment", "{D29C705C-833D-4634-9DB6-F74E8ED7253C}"
EndProject
Project("{FAE04EC0-301F-11D3-BF4B-00C04F79EFBC}") = "HandlingExceptions_1_3", "HandlingExceptions_1_3\HandlingExceptions_1_3.csproj", "{2A30ADA1-9635-4E8F-BD89-F9E68D1C1813}"
EndProject
Project("{FAE04EC0-301F-11D3-BF4B-00C04F79EFBC}") = "Recursive_1_4", "Recursive_1_4\Recursive_1_4.csproj", "{F431804A-1565-49F3-A19F-4FFDE7161517}"
EndProject
Project("{FAE04EC0-301F-11D3-BF4B-00C04F79EFBC}") = "Lesson02", "Lesson02\Lesson02.csproj", "{C495173C-7006-4861-B2A0-2F604502B6C3}"
EndProject
Global
	GlobalSection(SolutionConfigurationPlatforms) = preSolution
		Debug|Any CPU = Debug|Any CPU
		Release|Any CPU = Release|Any CPU
	EndGlobalSection
	GlobalSection(ProjectConfigurationPlatforms) = postSolution
		{42F26C20-95AD-4239-8520-F23DBFCB9B34}.Debug|Any CPU.ActiveCfg = Debug|Any CPU
		{42F26C20-95AD-4239-8520-F23DBFCB9B34}.Debug|Any CPU.Build.0 = Debug|Any CPU
		{42F26C20-95AD-4239-8520-F23DBFCB9B34}.Release|Any CPU.ActiveCfg = Release|Any CPU
		{42F26C20-95AD-4239-8520-F23DBFCB9B34}.Release|Any CPU.Build.0 = Release|Any CPU
		{29590702-2300-491E-8247-D4389113DB38}.Debug|Any CPU.ActiveCfg = Debug|Any CPU
		{29590702-2300-491E-8247-D4389113DB38}.Debug|Any CPU.Build.0 = Debug|Any CPU
		{29590702-2300-491E-8247-D4389113DB38}.Release|Any CPU.ActiveCfg = Release|Any CPU
		{29590702-2300-491E-8247-D4389113DB38}.Release|Any CPU.Build.0 = Release|Any CPU
		{7420FFD0-4C2B-4668-98C8-AD5BACFF9FF0}.Debug|Any CPU.ActiveCfg = Debug|Any CPU
		{7420FFD0-4C2B-4668-98C8-AD5BACFF9FF0}.Debug|Any CPU.Build.0 = Debug|Any CPU
		{7420FFD0-4C2B-4668-98C8-AD5BACFF9FF0}.Release|Any CPU.ActiveCfg = Release|Any CPU
		{7420FFD0-4C2B-4668-98C8-AD5BACFF9FF0}.Release|Any CPU.Build.0 = Release|Any CPU
		{2FDE2296-E7DD-4181-B542-276F0D624FF0}.Debug|Any CPU.ActiveCfg = Debug|Any CPU
		{2FDE2296-E7DD-4181-B542-276F0D624FF0}.Debug|Any CPU.Build.0 = Debug|Any CPU
		{2FDE2296-E7DD-4181-B542-276F0D624FF0}.Release|Any CPU.ActiveCfg = Release|Any CPU
		{2FDE2296-E7DD-4181-B542-276F0D624FF0}.Release|Any CPU.Build.0 = Release|Any CPU
		{2A30ADA1-9635-4E8F-BD89-F9E68D1C1813}.Debug|Any CPU.ActiveCfg = Debug|Any CPU
		{2A30ADA1-9635-4E8F-BD89-F9E68D1C1813}.Debug|Any CPU.Build.0 = Debug|Any CPU
		{2A30ADA1-9635-4E8F-BD89-F9E68D1C1813}.Release|Any CPU.ActiveCfg = Release|Any CPU
		{2A30ADA1-9635-4E8F-BD89-F9E68D1C1813}.Release|Any CPU.Build.0 = Release|Any CPU
		{F431804A-1565-49F3-A19F-4FFDE7161517}.Debug|Any CPU.ActiveCfg = Debug|Any CPU
		{F431804A-1565-49F3-A19F-4FFDE7161517}.Debug|Any CPU.Build.0 = Debug|Any CPU
		{F431804A-1565-49F3-A19F-4FFDE7161517}.Release|Any CPU.ActiveCfg = Release|Any CPU
		{F431804A-1565-49F3-A19F-4FFDE7161517}.Release|Any CPU.Build.0 = Release|Any CPU
		{C495173C-7006-4861-B2A0-2F604502B6C3}.Debug|Any CPU.ActiveCfg = Debug|Any CPU
		{C495173C-7006-4861-B2A0-2F604502B6C3}.Debug|Any CPU.Build.0 = Debug|Any CPU
		{C495173C-7006-4861-B2A0-2F604502B6C3}.Release|Any CPU.ActiveCfg = Release|Any CPU
		{C495173C-7006-4861-B2A0-2F604502B6C3}.Release|Any CPU.Build.0 = Release|Any CPU
	EndGlobalSection
	GlobalSection(SolutionProperties) = preSolution
		HideSolutionNode = FALSE
	EndGlobalSection
	GlobalSection(NestedProjects) = preSolution
		{42F26C20-95AD-4239-8520-F23DBFCB9B34} = {ED15CF3F-9FEE-4583-847C-BB6C4A6E5BCC}
		{29590702-2300-491E-8247-D4389113DB38} = {ED15CF3F-9FEE-4583-847C-BB6C4A6E5BCC}
		{047136CE-1E34-462B-8745-085B919DD0A3} = {ED15CF3F-9FEE-4583-847C-BB6C4A6E5BCC}
		{7420FFD0-4C2B-4668-98C8-AD5BACFF9FF0} = {047136CE-1E34-462B-8745-085B919DD0A3}
		{2FDE2296-E7DD-4181-B542-276F0D624FF0} = {047136CE-1E34-462B-8745-085B919DD0A3}
		{D29C705C-833D-4634-9DB6-F74E8ED7253C} = {ED15CF3F-9FEE-4583-847C-BB6C4A6E5BCC}
		{2A30ADA1-9635-4E8F-BD89-F9E68D1C1813} = {D29C705C-833D-4634-9DB6-F74E8ED7253C}
		{F431804A-1565-49F3-A19F-4FFDE7161517} = {D29C705C-833D-4634-9DB6-F74E8ED7253C}
	EndGlobalSection
EndGlobal
